
Microsoft Visual Studio Solution File, Format Version 12.00
# Visual Studio 15
VisualStudioVersion = 15.0.27703.2026
MinimumVisualStudioVersion = 10.0.40219.1
Project("{FAE04EC0-301F-11D3-BF4B-00C04F79EFBC}") = "MFramework.Services.Config", "MFramework.Services.Config\MFramework.Services.Config.csproj", "{0FD67808-1DE3-479C-B5C8-DB75E31D3F55}"
EndProject
Global
	GlobalSection(SolutionConfigurationPlatforms) = preSolution
		Debug|Any CPU = Debug|Any CPU
		Release|Any CPU = Release|Any CPU
	EndGlobalSection
	GlobalSection(ProjectConfigurationPlatforms) = postSolution
		{0FD67808-1DE3-479C-B5C8-DB75E31D3F55}.Debug|Any CPU.ActiveCfg = Debug|Any CPU
		{0FD67808-1DE3-479C-B5C8-DB75E31D3F55}.Debug|Any CPU.Build.0 = Debug|Any CPU
		{0FD67808-1DE3-479C-B5C8-DB75E31D3F55}.Release|Any CPU.ActiveCfg = Release|Any CPU
		{0FD67808-1DE3-479C-B5C8-DB75E31D3F55}.Release|Any CPU.Build.0 = Release|Any CPU
	EndGlobalSection
	GlobalSection(SolutionProperties) = preSolution
		HideSolutionNode = FALSE
	EndGlobalSection
	GlobalSection(ExtensibilityGlobals) = postSolution
		SolutionGuid = {BB07E20C-2F2E-4A83-915A-D7D3933A6DBC}
	EndGlobalSection
EndGlobal
